
Microsoft Visual Studio Solution File, Format Version 12.00
# Visual Studio Version 16
VisualStudioVersion = 16.0.30804.86
MinimumVisualStudioVersion = 10.0.40219.1
Project("{2150E333-8FDC-42A3-9474-1A3956D46DE8}") = "1_WorkflowsAndActivities", "1_WorkflowsAndActivities", "{ED04CCD3-EB4B-4739-8225-53F3F62EF1C0}"
EndProject
Project("{2150E333-8FDC-42A3-9474-1A3956D46DE8}") = "5_Dashboards", "5_Dashboards", "{F1C631CC-2AB9-4846-BA68-24D86D458480}"
EndProject
Project("{9A19103F-16F7-4668-BE54-9A1E7A4F7556}") = "MxWork.Elsa2Wf.Tuts.BasicActivities", "src\1_WorkflowsAndActivities\MxWork.Elsa2Wf.Tuts.BasicActivities\MxWork.Elsa2Wf.Tuts.BasicActivities.csproj", "{63363C1F-B051-42BA-9B80-A69F0C79A9A1}"
EndProject
Project("{2150E333-8FDC-42A3-9474-1A3956D46DE8}") = "2_ConsoleAndWorker", "2_ConsoleAndWorker", "{AC3B835B-6977-4083-905A-8823D22C0B5A}"
EndProject
Project("{2150E333-8FDC-42A3-9474-1A3956D46DE8}") = "4_BasicWeb", "4_BasicWeb", "{8BD1053F-51A4-4F69-92F7-D3F1C0E20A6D}"
EndProject
Project("{9A19103F-16F7-4668-BE54-9A1E7A4F7556}") = "P20010StartupRunner", "src\2_ConsoleAndWorker\P20010StartupRunner\P20010StartupRunner.csproj", "{322D46ED-84D6-4A13-8D10-C1393472F967}"
EndProject
Project("{9A19103F-16F7-4668-BE54-9A1E7A4F7556}") = "P20011StartupRunner", "src\2_ConsoleAndWorker\P20011StartupRunner\P20011StartupRunner.csproj", "{DC3B634F-497F-44A6-9556-75436D58F408}"
EndProject
Project("{9A19103F-16F7-4668-BE54-9A1E7A4F7556}") = "P20012StartupRunnerDifferentOutcome", "src\2_ConsoleAndWorker\P20012StartupRunnerDifferentOutcome\P20012StartupRunnerDifferentOutcome.csproj", "{20B5A6AA-E534-4591-87C0-5D1DB0C7CB46}"
EndProject
Project("{9A19103F-16F7-4668-BE54-9A1E7A4F7556}") = "P20020WorkflowBuilder", "src\2_ConsoleAndWorker\P20020WorkflowBuilder\P20020WorkflowBuilder.csproj", "{DAC92B64-CEED-487F-B14C-DCF28C22F828}"
EndProject
Project("{9A19103F-16F7-4668-BE54-9A1E7A4F7556}") = "P20021WorkflowBuilder", "src\2_ConsoleAndWorker\P20021WorkflowBuilder\P20021WorkflowBuilder.csproj", "{6920BF2D-FA29-4844-9652-2959C97C3C24}"
EndProject
Project("{9A19103F-16F7-4668-BE54-9A1E7A4F7556}") = "P20030ForLoop", "src\2_ConsoleAndWorker\P20030ForLoop\P20030ForLoop.csproj", "{1EB08F49-7DC4-4F19-B3AC-F5C777F8EFBD}"
EndProject
Project("{9A19103F-16F7-4668-BE54-9A1E7A4F7556}") = "P20031SimpleForkConsole", "src\2_ConsoleAndWorker\P20031SimpleForkConsole\P20031SimpleForkConsole.csproj", "{B249B9E9-E8F3-450F-8D90-83C5E82FD3C6}"
EndProject
Project("{9A19103F-16F7-4668-BE54-9A1E7A4F7556}") = "P20032SimpleSwitchConsole", "src\2_ConsoleAndWorker\P20032SimpleSwitchConsole\P20032SimpleSwitchConsole.csproj", "{23878ACC-DA8D-4643-AF1A-36A1C0C27E49}"
EndProject
Project("{9A19103F-16F7-4668-BE54-9A1E7A4F7556}") = "P20040ForEachLoop", "src\2_ConsoleAndWorker\P20040ForEachLoop\P20040ForEachLoop.csproj", "{E88162B8-352A-4162-9F7F-0CE1DDC2CE40}"
EndProject
Project("{9A19103F-16F7-4668-BE54-9A1E7A4F7556}") = "P20050SimpleWhileLoop", "src\2_ConsoleAndWorker\P20050SimpleWhileLoop\P20050SimpleWhileLoop.csproj", "{01255554-5E7A-4DAE-A971-C993C4B65144}"
EndProject
Project("{9A19103F-16F7-4668-BE54-9A1E7A4F7556}") = "P20060WhileLoop", "src\2_ConsoleAndWorker\P20060WhileLoop\P20060WhileLoop.csproj", "{B0CC1EA0-CA09-49F9-8395-EBAC73A8A374}"
EndProject
Project("{9A19103F-16F7-4668-BE54-9A1E7A4F7556}") = "P20061BreakWhileLoop", "src\2_ConsoleAndWorker\P20061BreakWhileLoop\P20061BreakWhileLoop.csproj", "{6D458ED2-365E-40E2-97A9-55A37DD3CDEE}"
EndProject
Project("{9A19103F-16F7-4668-BE54-9A1E7A4F7556}") = "P20070SwitchCase", "src\2_ConsoleAndWorker\P20070SwitchCase\P20070SwitchCase.csproj", "{19DB980C-A6AC-4DC7-9971-57B4597AE8D3}"
EndProject
Project("{9A19103F-16F7-4668-BE54-9A1E7A4F7556}") = "P20080UserTaskConsole", "src\2_ConsoleAndWorker\P20080UserTaskConsole\P20080UserTaskConsole.csproj", "{717A22C8-3632-4D5B-A14A-C4675143E2F7}"
EndProject
Project("{9A19103F-16F7-4668-BE54-9A1E7A4F7556}") = "P20090IfControlFlow", "src\2_ConsoleAndWorker\P20090IfControlFlow\P20090IfControlFlow.csproj", "{FC7E3CC7-2392-44E7-9EDD-3A69DF9A8D92}"
EndProject
Project("{9A19103F-16F7-4668-BE54-9A1E7A4F7556}") = "P20100GoBackResultDemo", "src\2_ConsoleAndWorker\P20100GoBackResultDemo\P20100GoBackResultDemo.csproj", "{0D7D7393-1A2E-4301-BFAB-583DCAF4BB3B}"
EndProject
Project("{9A19103F-16F7-4668-BE54-9A1E7A4F7556}") = "P20110AutoConnectNext", "src\2_ConsoleAndWorker\P20110AutoConnectNext\P20110AutoConnectNext.csproj", "{88FEBC83-CA83-4C0A-9B93-851C5982FF95}"
EndProject
Project("{9A19103F-16F7-4668-BE54-9A1E7A4F7556}") = "P20120DeclarativeCompositeActivitiesConsole", "src\2_ConsoleAndWorker\P20120DeclarativeCompositeActivitiesConsole\P20120DeclarativeCompositeActivitiesConsole.csproj", "{3D002138-3AAF-41A9-9F35-269E2BAF4F25}"
EndProject
Project("{9A19103F-16F7-4668-BE54-9A1E7A4F7556}") = "P20130RecurringWorkflow", "src\2_ConsoleAndWorker\P20130RecurringWorkflow\P20130RecurringWorkflow.csproj", "{3DF1CF3C-5973-4660-A1EF-C757771885D3}"
EndProject
Project("{9A19103F-16F7-4668-BE54-9A1E7A4F7556}") = "P20140WhileLoopPhoneCallWorker", "src\2_ConsoleAndWorker\P20140WhileLoopPhoneCallWorker\P20140WhileLoopPhoneCallWorker.csproj", "{D81F7BFE-CE1C-4383-97CF-DB803EBAA321}"
EndProject
Project("{9A19103F-16F7-4668-BE54-9A1E7A4F7556}") = "P20150EntityChanged", "src\2_ConsoleAndWorker\P20150EntityChanged\P20150EntityChanged.csproj", "{66F86FCD-46D1-4478-BBEF-B24DE30C0BF3}"
EndProject
Project("{9A19103F-16F7-4668-BE54-9A1E7A4F7556}") = "P20160BasicTimer", "src\2_ConsoleAndWorker\P20160BasicTimer\P20160BasicTimer.csproj", "{291BDD7C-2F37-405B-855C-E9BB90FCFFA0}"
EndProject
Project("{9A19103F-16F7-4668-BE54-9A1E7A4F7556}") = "P20161BasicTimer", "src\2_ConsoleAndWorker\P20161BasicTimer\P20161BasicTimer.csproj", "{D3C66EF6-8EE8-4DB8-BC5F-4F41129A5FCA}"
EndProject
Project("{9A19103F-16F7-4668-BE54-9A1E7A4F7556}") = "P20170SingletonTimer", "src\2_ConsoleAndWorker\P20170SingletonTimer\P20170SingletonTimer.csproj", "{5712D7AD-4B2D-45E8-8295-4646EEA5F034}"
EndProject
Project("{9A19103F-16F7-4668-BE54-9A1E7A4F7556}") = "P20180ParentChildWorker", "src\2_ConsoleAndWorker\P20180ParentChildWorker\P20180ParentChildWorker.csproj", "{E07F7EC6-4ACA-41D0-B877-F9DC20BAC35C}"
EndProject
Project("{9A19103F-16F7-4668-BE54-9A1E7A4F7556}") = "P20190ProducerConsumer", "src\2_ConsoleAndWorker\P20190ProducerConsumer\P20190ProducerConsumer.csproj", "{BFD0B00D-E18A-4B57-B2CC-90D910CB76A7}"
EndProject
Project("{9A19103F-16F7-4668-BE54-9A1E7A4F7556}") = "P20200MultiTenantChildWorker", "src\2_ConsoleAndWorker\P20200MultiTenantChildWorker\P20200MultiTenantChildWorker.csproj", "{8CC567DF-D8C3-4A42-B9E3-2A7002CC4A66}"
EndProject
Project("{9A19103F-16F7-4668-BE54-9A1E7A4F7556}") = "P20210FaultyWorkflow", "src\2_ConsoleAndWorker\P20210FaultyWorkflow\P20210FaultyWorkflow.csproj", "{670EBB7B-6C4C-4D5A-ABFC-E2E73C4398D1}"
EndProject
Project("{9A19103F-16F7-4668-BE54-9A1E7A4F7556}") = "P20220CustomAttributesChildWorker", "src\2_ConsoleAndWorker\P20220CustomAttributesChildWorker\P20220CustomAttributesChildWorker.csproj", "{E6DEFB4C-BA09-4A1C-B411-B18FD0EC4609}"
EndProject
Project("{9A19103F-16F7-4668-BE54-9A1E7A4F7556}") = "P20230ForkExample", "src\2_ConsoleAndWorker\P20230ForkExample\P20230ForkExample.csproj", "{2606BC53-22D7-47FB-8620-9D956ADF9B21}"
EndProject
Project("{9A19103F-16F7-4668-BE54-9A1E7A4F7556}") = "P20510AspCoreEmptyHello", "src\4_BasicWeb\P20510AspCoreEmptyHello\P20510AspCoreEmptyHello.csproj", "{84D06881-6AB1-4613-A95D-D4230E721B6C}"
EndProject
Project("{9A19103F-16F7-4668-BE54-9A1E7A4F7556}") = "P20520AspCoreSendHttpReq", "src\4_BasicWeb\P20520AspCoreSendHttpReq\P20520AspCoreSendHttpReq.csproj", "{4756B872-D953-4850-8110-F46BF73155EE}"
EndProject
Project("{9A19103F-16F7-4668-BE54-9A1E7A4F7556}") = "P20530AspCoreReadHttpPostReq", "src\4_BasicWeb\P20530AspCoreReadHttpPostReq\P20530AspCoreReadHttpPostReq.csproj", "{834792EC-2A7F-4FE8-986F-4E4B256CE194}"
EndProject
Project("{9A19103F-16F7-4668-BE54-9A1E7A4F7556}") = "P20540InvokeWorkflowFromController", "src\4_BasicWeb\P20540InvokeWorkflowFromController\P20540InvokeWorkflowFromController.csproj", "{E9F93780-8CBB-4661-A9D4-C20E32C7A8FF}"
EndProject
Project("{9A19103F-16F7-4668-BE54-9A1E7A4F7556}") = "P20550SuspendResume", "src\4_BasicWeb\P20550SuspendResume\P20550SuspendResume.csproj", "{D5D0268E-FF02-4057-B240-5F985E005592}"
EndProject
Project("{9A19103F-16F7-4668-BE54-9A1E7A4F7556}") = "P20560SuspendResumeWithCorrelation", "src\4_BasicWeb\P20560SuspendResumeWithCorrelation\P20560SuspendResumeWithCorrelation.csproj", "{8D54B0C1-A360-4382-B4D5-73E65F91D62F}"
EndProject
Project("{9A19103F-16F7-4668-BE54-9A1E7A4F7556}") = "P20570WakeupSleepingWorkflow", "src\4_BasicWeb\P20570WakeupSleepingWorkflow\P20570WakeupSleepingWorkflow.csproj", "{4A1B395C-FE74-4C03-ABE0-4B2E5B2C179D}"
EndProject
Project("{9A19103F-16F7-4668-BE54-9A1E7A4F7556}") = "P20580ReadEchoQueryString", "src\4_BasicWeb\P20580ReadEchoQueryString\P20580ReadEchoQueryString.csproj", "{B5148DC3-97AB-47E3-851D-804DE57896C6}"
EndProject
Project("{9A19103F-16F7-4668-BE54-9A1E7A4F7556}") = "P20590ForkBranch", "src\4_BasicWeb\P20590ForkBranch\P20590ForkBranch.csproj", "{00CB81A4-12FE-42D3-94F4-B97B62D2C3BF}"
EndProject
Project("{9A19103F-16F7-4668-BE54-9A1E7A4F7556}") = "P20593ForkBranchWithTimerSignaler", "src\4_BasicWeb\P20593ForkBranchWithTimerSignaler\P20593ForkBranchWithTimerSignaler.csproj", "{D5F15529-4F93-4D0F-84DA-6AECFC9CD0BD}"
EndProject
Project("{9A19103F-16F7-4668-BE54-9A1E7A4F7556}") = "P20596ForkBranchWithTimerAndHttp", "src\4_BasicWeb\P20596ForkBranchWithTimerAndHttp\P20596ForkBranchWithTimerAndHttp.csproj", "{008E0FD0-FFCC-47B7-BDF5-4C6E3A78E5F7}"
EndProject
Project("{9A19103F-16F7-4668-BE54-9A1E7A4F7556}") = "P20600ForkAcceptRejectWithTimer", "src\4_BasicWeb\P20600ForkAcceptRejectWithTimer\P20600ForkAcceptRejectWithTimer.csproj", "{C4BF34CD-02EA-4329-BDC4-22BCA69735BB}"
EndProject
Project("{9A19103F-16F7-4668-BE54-9A1E7A4F7556}") = "P20650ApiEndpoints", "src\4_BasicWeb\P20650ApiEndpoints\P20650ApiEndpoints.csproj", "{15F20000-D1FC-4B0D-B01E-9AB2F3B2C244}"
EndProject
Project("{9A19103F-16F7-4668-BE54-9A1E7A4F7556}") = "P20131RecurringWorkflowHost", "src\2_ConsoleAndWorker\P20131RecurringWorkflowHost\P20131RecurringWorkflowHost.csproj", "{FD22CDBD-6344-4F77-AAB5-1B0A78314716}"
EndProject
Project("{9A19103F-16F7-4668-BE54-9A1E7A4F7556}") = "P20132RecurringWorkflowConsole", "src\2_ConsoleAndWorker\P20132RecurringWorkflowConsole\P20132RecurringWorkflowConsole.csproj", "{ACA021CE-A86E-471D-A654-CC6F8B1FE5AE}"
EndProject
Project("{2150E333-8FDC-42A3-9474-1A3956D46DE8}") = "3_Persistance", "3_Persistance", "{EA7304D9-7FEF-412B-8783-214D36234060}"
EndProject
Project("{9A19103F-16F7-4668-BE54-9A1E7A4F7556}") = "P20235ManualSignalingConsole", "src\2_ConsoleAndWorker\P20235ManualSignalingConsole\P20235ManualSignalingConsole.csproj", "{48E51E12-2798-4B80-A101-9F803963E7F6}"
EndProject
Project("{9A19103F-16F7-4668-BE54-9A1E7A4F7556}") = "P20240SignalingConsole", "src\2_ConsoleAndWorker\P20240SignalingConsole\P20240SignalingConsole.csproj", "{C21A51D6-2C69-493D-A58F-E6B91B36E511}"
EndProject
Project("{9A19103F-16F7-4668-BE54-9A1E7A4F7556}") = "P20700BasicDashboard", "src\5_Dashboards\P20700BasicDashboard\P20700BasicDashboard.csproj", "{B34D29C9-C5FB-4DA4-851F-9D08BBEA82F2}"
EndProject
Project("{9A19103F-16F7-4668-BE54-9A1E7A4F7556}") = "P20703DashboardWithServer", "src\5_Dashboards\P20703DashboardWithServer\P20703DashboardWithServer.csproj", "{7EE6D067-D21D-47C8-9BD0-D506B133DB36}"
EndProject
Project("{9A19103F-16F7-4668-BE54-9A1E7A4F7556}") = "P20705BasicMonacoDashboard", "src\5_Dashboards\P20705BasicMonacoDashboard\P20705BasicMonacoDashboard.csproj", "{FBC986CC-EBD3-46C1-9EF9-1C1709B97112}"
EndProject
Project("{9A19103F-16F7-4668-BE54-9A1E7A4F7556}") = "P20706AspCoreRecurringWorkflow", "src\5_Dashboards\P20706AspCoreRecurringWorkflow\P20706AspCoreRecurringWorkflow.csproj", "{4E3CE56C-068B-4D55-ACAB-B99602C10C7A}"
EndProject
Project("{9A19103F-16F7-4668-BE54-9A1E7A4F7556}") = "P20709AspCoreContentApprovalWorkflowNoUi", "src\5_Dashboards\P20709AspCoreContentApprovalWorkflowNoUi\P20709AspCoreContentApprovalWorkflowNoUi.csproj", "{33C07033-66AC-439C-8CE8-29D4F4386503}"
EndProject
Project("{9A19103F-16F7-4668-BE54-9A1E7A4F7556}") = "P20712AspCoreContentApprovalWorkflowWithUi", "src\5_Dashboards\P20712AspCoreContentApprovalWorkflowWithUi\P20712AspCoreContentApprovalWorkflowWithUi.csproj", "{F34996BB-A8D4-444D-88CA-C86CFB58507D}"
EndProject
Project("{9A19103F-16F7-4668-BE54-9A1E7A4F7556}") = "P20731ElsaDashboard", "src\5_Dashboards\P20731ElsaDashboard\P20731ElsaDashboard.csproj", "{F84F6D66-DEA4-44BC-B657-C022D93CB45A}"
EndProject
Project("{9A19103F-16F7-4668-BE54-9A1E7A4F7556}") = "P20730ElsaServerApiHost", "src\5_Dashboards\P20730ElsaServerApiHost\P20730ElsaServerApiHost.csproj", "{2DE15218-ADD4-49A3-87AC-9CB3C6A9D849}"
EndProject
Project("{9A19103F-16F7-4668-BE54-9A1E7A4F7556}") = "P20440PersistenceEfMsSql", "src\3_Persistance\P20440PersistenceEfMsSql\P20440PersistenceEfMsSql.csproj", "{9E8AE307-A343-4330-B029-709AAD03FAEA}"
EndProject
Project("{9A19103F-16F7-4668-BE54-9A1E7A4F7556}") = "P20445ContentApprovalPersistenceEfMsSql", "src\3_Persistance\P20445ContentApprovalPersistenceEfMsSql\P20445ContentApprovalPersistenceEfMsSql.csproj", "{A58BE0E7-A91E-42F8-A337-73808A314EEC}"
EndProject
Project("{9A19103F-16F7-4668-BE54-9A1E7A4F7556}") = "P20450PersistenceYesSql", "src\3_Persistance\P20450PersistenceYesSql\P20450PersistenceYesSql.csproj", "{66060832-B6BD-45F7-8F0E-7448B893A643}"
EndProject
Project("{9A19103F-16F7-4668-BE54-9A1E7A4F7556}") = "P20447ContentApprovalPersistenceEfMsSqlWorkerHost", "src\3_Persistance\P20447ContentApprovalPersistenceEfMsSqlWorkerHost\P20447ContentApprovalPersistenceEfMsSqlWorkerHost.csproj", "{99237965-3877-4361-AF7A-72741927B2DD}"
EndProject
Project("{9A19103F-16F7-4668-BE54-9A1E7A4F7556}") = "P20250WorkflowDefinedInCode", "src\2_ConsoleAndWorker\P20250WorkflowDefinedInCode\P20250WorkflowDefinedInCode.csproj", "{DF115AC7-87E1-44DD-B51C-B29B17496DE4}"
EndProject
Project("{9A19103F-16F7-4668-BE54-9A1E7A4F7556}") = "P20260SerializationAndDeserialization", "src\2_ConsoleAndWorker\P20260SerializationAndDeserialization\P20260SerializationAndDeserialization.csproj", "{0D146DF2-F03B-43AD-AA33-F6B54A5F9B9D}"
EndProject
Project("{9A19103F-16F7-4668-BE54-9A1E7A4F7556}") = "P20734LoadWorkflowOnDashboard", "src\5_Dashboards\P20734LoadWorkflowOnDashboard\P20734LoadWorkflowOnDashboard.csproj", "{A4096907-7EB0-43AC-89E2-96C3486DCCC6}"
EndProject
Project("{2150E333-8FDC-42A3-9474-1A3956D46DE8}") = "6_CustomActivities", "6_CustomActivities", "{D6E7A90A-F0C2-424D-9ADA-958D5F07F57E}"
EndProject
Project("{2150E333-8FDC-42A3-9474-1A3956D46DE8}") = "P20840", "P20840", "{AF1DF3D9-B982-4DD7-B00D-7216DBD5D96B}"
	ProjectSection(SolutionItems) = preProject
		ReadMe.md = ReadMe.md
	EndProjectSection
EndProject
Project("{9A19103F-16F7-4668-BE54-9A1E7A4F7556}") = "P20270SleepingWorkflow", "src\2_ConsoleAndWorker\P20270SleepingWorkflow\P20270SleepingWorkflow.csproj", "{E0E3F875-FAE0-42C2-8EB7-2E44CCF6DBF4}"
EndProject
Project("{FAE04EC0-301F-11D3-BF4B-00C04F79EFBC}") = "P20162RecurringTasks", "src\2_ConsoleAndWorker\P20162RecurringTasks\P20162RecurringTasks.csproj", "{A4A5DABC-97AC-4C62-B681-0304F703173F}"
EndProject
Global
	GlobalSection(SolutionConfigurationPlatforms) = preSolution
		Debug|Any CPU = Debug|Any CPU
		Release|Any CPU = Release|Any CPU
	EndGlobalSection
	GlobalSection(ProjectConfigurationPlatforms) = postSolution
		{63363C1F-B051-42BA-9B80-A69F0C79A9A1}.Debug|Any CPU.ActiveCfg = Debug|Any CPU
		{63363C1F-B051-42BA-9B80-A69F0C79A9A1}.Debug|Any CPU.Build.0 = Debug|Any CPU
		{63363C1F-B051-42BA-9B80-A69F0C79A9A1}.Release|Any CPU.ActiveCfg = Release|Any CPU
		{63363C1F-B051-42BA-9B80-A69F0C79A9A1}.Release|Any CPU.Build.0 = Release|Any CPU
		{322D46ED-84D6-4A13-8D10-C1393472F967}.Debug|Any CPU.ActiveCfg = Debug|Any CPU
		{322D46ED-84D6-4A13-8D10-C1393472F967}.Debug|Any CPU.Build.0 = Debug|Any CPU
		{322D46ED-84D6-4A13-8D10-C1393472F967}.Release|Any CPU.ActiveCfg = Release|Any CPU
		{322D46ED-84D6-4A13-8D10-C1393472F967}.Release|Any CPU.Build.0 = Release|Any CPU
		{DC3B634F-497F-44A6-9556-75436D58F408}.Debug|Any CPU.ActiveCfg = Debug|Any CPU
		{DC3B634F-497F-44A6-9556-75436D58F408}.Debug|Any CPU.Build.0 = Debug|Any CPU
		{DC3B634F-497F-44A6-9556-75436D58F408}.Release|Any CPU.ActiveCfg = Release|Any CPU
		{DC3B634F-497F-44A6-9556-75436D58F408}.Release|Any CPU.Build.0 = Release|Any CPU
		{20B5A6AA-E534-4591-87C0-5D1DB0C7CB46}.Debug|Any CPU.ActiveCfg = Debug|Any CPU
		{20B5A6AA-E534-4591-87C0-5D1DB0C7CB46}.Debug|Any CPU.Build.0 = Debug|Any CPU
		{20B5A6AA-E534-4591-87C0-5D1DB0C7CB46}.Release|Any CPU.ActiveCfg = Release|Any CPU
		{20B5A6AA-E534-4591-87C0-5D1DB0C7CB46}.Release|Any CPU.Build.0 = Release|Any CPU
		{DAC92B64-CEED-487F-B14C-DCF28C22F828}.Debug|Any CPU.ActiveCfg = Debug|Any CPU
		{DAC92B64-CEED-487F-B14C-DCF28C22F828}.Debug|Any CPU.Build.0 = Debug|Any CPU
		{DAC92B64-CEED-487F-B14C-DCF28C22F828}.Release|Any CPU.ActiveCfg = Release|Any CPU
		{DAC92B64-CEED-487F-B14C-DCF28C22F828}.Release|Any CPU.Build.0 = Release|Any CPU
		{6920BF2D-FA29-4844-9652-2959C97C3C24}.Debug|Any CPU.ActiveCfg = Debug|Any CPU
		{6920BF2D-FA29-4844-9652-2959C97C3C24}.Debug|Any CPU.Build.0 = Debug|Any CPU
		{6920BF2D-FA29-4844-9652-2959C97C3C24}.Release|Any CPU.ActiveCfg = Release|Any CPU
		{6920BF2D-FA29-4844-9652-2959C97C3C24}.Release|Any CPU.Build.0 = Release|Any CPU
		{1EB08F49-7DC4-4F19-B3AC-F5C777F8EFBD}.Debug|Any CPU.ActiveCfg = Debug|Any CPU
		{1EB08F49-7DC4-4F19-B3AC-F5C777F8EFBD}.Debug|Any CPU.Build.0 = Debug|Any CPU
		{1EB08F49-7DC4-4F19-B3AC-F5C777F8EFBD}.Release|Any CPU.ActiveCfg = Release|Any CPU
		{1EB08F49-7DC4-4F19-B3AC-F5C777F8EFBD}.Release|Any CPU.Build.0 = Release|Any CPU
		{B249B9E9-E8F3-450F-8D90-83C5E82FD3C6}.Debug|Any CPU.ActiveCfg = Debug|Any CPU
		{B249B9E9-E8F3-450F-8D90-83C5E82FD3C6}.Debug|Any CPU.Build.0 = Debug|Any CPU
		{B249B9E9-E8F3-450F-8D90-83C5E82FD3C6}.Release|Any CPU.ActiveCfg = Release|Any CPU
		{B249B9E9-E8F3-450F-8D90-83C5E82FD3C6}.Release|Any CPU.Build.0 = Release|Any CPU
		{23878ACC-DA8D-4643-AF1A-36A1C0C27E49}.Debug|Any CPU.ActiveCfg = Debug|Any CPU
		{23878ACC-DA8D-4643-AF1A-36A1C0C27E49}.Debug|Any CPU.Build.0 = Debug|Any CPU
		{23878ACC-DA8D-4643-AF1A-36A1C0C27E49}.Release|Any CPU.ActiveCfg = Release|Any CPU
		{23878ACC-DA8D-4643-AF1A-36A1C0C27E49}.Release|Any CPU.Build.0 = Release|Any CPU
		{E88162B8-352A-4162-9F7F-0CE1DDC2CE40}.Debug|Any CPU.ActiveCfg = Debug|Any CPU
		{E88162B8-352A-4162-9F7F-0CE1DDC2CE40}.Debug|Any CPU.Build.0 = Debug|Any CPU
		{E88162B8-352A-4162-9F7F-0CE1DDC2CE40}.Release|Any CPU.ActiveCfg = Release|Any CPU
		{E88162B8-352A-4162-9F7F-0CE1DDC2CE40}.Release|Any CPU.Build.0 = Release|Any CPU
		{01255554-5E7A-4DAE-A971-C993C4B65144}.Debug|Any CPU.ActiveCfg = Debug|Any CPU
		{01255554-5E7A-4DAE-A971-C993C4B65144}.Debug|Any CPU.Build.0 = Debug|Any CPU
		{01255554-5E7A-4DAE-A971-C993C4B65144}.Release|Any CPU.ActiveCfg = Release|Any CPU
		{01255554-5E7A-4DAE-A971-C993C4B65144}.Release|Any CPU.Build.0 = Release|Any CPU
		{B0CC1EA0-CA09-49F9-8395-EBAC73A8A374}.Debug|Any CPU.ActiveCfg = Debug|Any CPU
		{B0CC1EA0-CA09-49F9-8395-EBAC73A8A374}.Debug|Any CPU.Build.0 = Debug|Any CPU
		{B0CC1EA0-CA09-49F9-8395-EBAC73A8A374}.Release|Any CPU.ActiveCfg = Release|Any CPU
		{B0CC1EA0-CA09-49F9-8395-EBAC73A8A374}.Release|Any CPU.Build.0 = Release|Any CPU
		{6D458ED2-365E-40E2-97A9-55A37DD3CDEE}.Debug|Any CPU.ActiveCfg = Debug|Any CPU
		{6D458ED2-365E-40E2-97A9-55A37DD3CDEE}.Debug|Any CPU.Build.0 = Debug|Any CPU
		{6D458ED2-365E-40E2-97A9-55A37DD3CDEE}.Release|Any CPU.ActiveCfg = Release|Any CPU
		{6D458ED2-365E-40E2-97A9-55A37DD3CDEE}.Release|Any CPU.Build.0 = Release|Any CPU
		{19DB980C-A6AC-4DC7-9971-57B4597AE8D3}.Debug|Any CPU.ActiveCfg = Debug|Any CPU
		{19DB980C-A6AC-4DC7-9971-57B4597AE8D3}.Debug|Any CPU.Build.0 = Debug|Any CPU
		{19DB980C-A6AC-4DC7-9971-57B4597AE8D3}.Release|Any CPU.ActiveCfg = Release|Any CPU
		{19DB980C-A6AC-4DC7-9971-57B4597AE8D3}.Release|Any CPU.Build.0 = Release|Any CPU
		{717A22C8-3632-4D5B-A14A-C4675143E2F7}.Debug|Any CPU.ActiveCfg = Debug|Any CPU
		{717A22C8-3632-4D5B-A14A-C4675143E2F7}.Debug|Any CPU.Build.0 = Debug|Any CPU
		{717A22C8-3632-4D5B-A14A-C4675143E2F7}.Release|Any CPU.ActiveCfg = Release|Any CPU
		{717A22C8-3632-4D5B-A14A-C4675143E2F7}.Release|Any CPU.Build.0 = Release|Any CPU
		{FC7E3CC7-2392-44E7-9EDD-3A69DF9A8D92}.Debug|Any CPU.ActiveCfg = Debug|Any CPU
		{FC7E3CC7-2392-44E7-9EDD-3A69DF9A8D92}.Debug|Any CPU.Build.0 = Debug|Any CPU
		{FC7E3CC7-2392-44E7-9EDD-3A69DF9A8D92}.Release|Any CPU.ActiveCfg = Release|Any CPU
		{FC7E3CC7-2392-44E7-9EDD-3A69DF9A8D92}.Release|Any CPU.Build.0 = Release|Any CPU
		{0D7D7393-1A2E-4301-BFAB-583DCAF4BB3B}.Debug|Any CPU.ActiveCfg = Debug|Any CPU
		{0D7D7393-1A2E-4301-BFAB-583DCAF4BB3B}.Debug|Any CPU.Build.0 = Debug|Any CPU
		{0D7D7393-1A2E-4301-BFAB-583DCAF4BB3B}.Release|Any CPU.ActiveCfg = Release|Any CPU
		{0D7D7393-1A2E-4301-BFAB-583DCAF4BB3B}.Release|Any CPU.Build.0 = Release|Any CPU
		{88FEBC83-CA83-4C0A-9B93-851C5982FF95}.Debug|Any CPU.ActiveCfg = Debug|Any CPU
		{88FEBC83-CA83-4C0A-9B93-851C5982FF95}.Debug|Any CPU.Build.0 = Debug|Any CPU
		{88FEBC83-CA83-4C0A-9B93-851C5982FF95}.Release|Any CPU.ActiveCfg = Release|Any CPU
		{88FEBC83-CA83-4C0A-9B93-851C5982FF95}.Release|Any CPU.Build.0 = Release|Any CPU
		{3D002138-3AAF-41A9-9F35-269E2BAF4F25}.Debug|Any CPU.ActiveCfg = Debug|Any CPU
		{3D002138-3AAF-41A9-9F35-269E2BAF4F25}.Debug|Any CPU.Build.0 = Debug|Any CPU
		{3D002138-3AAF-41A9-9F35-269E2BAF4F25}.Release|Any CPU.ActiveCfg = Release|Any CPU
		{3D002138-3AAF-41A9-9F35-269E2BAF4F25}.Release|Any CPU.Build.0 = Release|Any CPU
		{3DF1CF3C-5973-4660-A1EF-C757771885D3}.Debug|Any CPU.ActiveCfg = Debug|Any CPU
		{3DF1CF3C-5973-4660-A1EF-C757771885D3}.Debug|Any CPU.Build.0 = Debug|Any CPU
		{3DF1CF3C-5973-4660-A1EF-C757771885D3}.Release|Any CPU.ActiveCfg = Release|Any CPU
		{3DF1CF3C-5973-4660-A1EF-C757771885D3}.Release|Any CPU.Build.0 = Release|Any CPU
		{D81F7BFE-CE1C-4383-97CF-DB803EBAA321}.Debug|Any CPU.ActiveCfg = Debug|Any CPU
		{D81F7BFE-CE1C-4383-97CF-DB803EBAA321}.Debug|Any CPU.Build.0 = Debug|Any CPU
		{D81F7BFE-CE1C-4383-97CF-DB803EBAA321}.Release|Any CPU.ActiveCfg = Release|Any CPU
		{D81F7BFE-CE1C-4383-97CF-DB803EBAA321}.Release|Any CPU.Build.0 = Release|Any CPU
		{66F86FCD-46D1-4478-BBEF-B24DE30C0BF3}.Debug|Any CPU.ActiveCfg = Debug|Any CPU
		{66F86FCD-46D1-4478-BBEF-B24DE30C0BF3}.Debug|Any CPU.Build.0 = Debug|Any CPU
		{66F86FCD-46D1-4478-BBEF-B24DE30C0BF3}.Release|Any CPU.ActiveCfg = Release|Any CPU
		{66F86FCD-46D1-4478-BBEF-B24DE30C0BF3}.Release|Any CPU.Build.0 = Release|Any CPU
		{291BDD7C-2F37-405B-855C-E9BB90FCFFA0}.Debug|Any CPU.ActiveCfg = Debug|Any CPU
		{291BDD7C-2F37-405B-855C-E9BB90FCFFA0}.Debug|Any CPU.Build.0 = Debug|Any CPU
		{291BDD7C-2F37-405B-855C-E9BB90FCFFA0}.Release|Any CPU.ActiveCfg = Release|Any CPU
		{291BDD7C-2F37-405B-855C-E9BB90FCFFA0}.Release|Any CPU.Build.0 = Release|Any CPU
		{D3C66EF6-8EE8-4DB8-BC5F-4F41129A5FCA}.Debug|Any CPU.ActiveCfg = Debug|Any CPU
		{D3C66EF6-8EE8-4DB8-BC5F-4F41129A5FCA}.Debug|Any CPU.Build.0 = Debug|Any CPU
		{D3C66EF6-8EE8-4DB8-BC5F-4F41129A5FCA}.Release|Any CPU.ActiveCfg = Release|Any CPU
		{D3C66EF6-8EE8-4DB8-BC5F-4F41129A5FCA}.Release|Any CPU.Build.0 = Release|Any CPU
		{5712D7AD-4B2D-45E8-8295-4646EEA5F034}.Debug|Any CPU.ActiveCfg = Debug|Any CPU
		{5712D7AD-4B2D-45E8-8295-4646EEA5F034}.Debug|Any CPU.Build.0 = Debug|Any CPU
		{5712D7AD-4B2D-45E8-8295-4646EEA5F034}.Release|Any CPU.ActiveCfg = Release|Any CPU
		{5712D7AD-4B2D-45E8-8295-4646EEA5F034}.Release|Any CPU.Build.0 = Release|Any CPU
		{E07F7EC6-4ACA-41D0-B877-F9DC20BAC35C}.Debug|Any CPU.ActiveCfg = Debug|Any CPU
		{E07F7EC6-4ACA-41D0-B877-F9DC20BAC35C}.Debug|Any CPU.Build.0 = Debug|Any CPU
		{E07F7EC6-4ACA-41D0-B877-F9DC20BAC35C}.Release|Any CPU.ActiveCfg = Release|Any CPU
		{E07F7EC6-4ACA-41D0-B877-F9DC20BAC35C}.Release|Any CPU.Build.0 = Release|Any CPU
		{BFD0B00D-E18A-4B57-B2CC-90D910CB76A7}.Debug|Any CPU.ActiveCfg = Debug|Any CPU
		{BFD0B00D-E18A-4B57-B2CC-90D910CB76A7}.Debug|Any CPU.Build.0 = Debug|Any CPU
		{BFD0B00D-E18A-4B57-B2CC-90D910CB76A7}.Release|Any CPU.ActiveCfg = Release|Any CPU
		{BFD0B00D-E18A-4B57-B2CC-90D910CB76A7}.Release|Any CPU.Build.0 = Release|Any CPU
		{8CC567DF-D8C3-4A42-B9E3-2A7002CC4A66}.Debug|Any CPU.ActiveCfg = Debug|Any CPU
		{8CC567DF-D8C3-4A42-B9E3-2A7002CC4A66}.Debug|Any CPU.Build.0 = Debug|Any CPU
		{8CC567DF-D8C3-4A42-B9E3-2A7002CC4A66}.Release|Any CPU.ActiveCfg = Release|Any CPU
		{8CC567DF-D8C3-4A42-B9E3-2A7002CC4A66}.Release|Any CPU.Build.0 = Release|Any CPU
		{670EBB7B-6C4C-4D5A-ABFC-E2E73C4398D1}.Debug|Any CPU.ActiveCfg = Debug|Any CPU
		{670EBB7B-6C4C-4D5A-ABFC-E2E73C4398D1}.Debug|Any CPU.Build.0 = Debug|Any CPU
		{670EBB7B-6C4C-4D5A-ABFC-E2E73C4398D1}.Release|Any CPU.ActiveCfg = Release|Any CPU
		{670EBB7B-6C4C-4D5A-ABFC-E2E73C4398D1}.Release|Any CPU.Build.0 = Release|Any CPU
		{E6DEFB4C-BA09-4A1C-B411-B18FD0EC4609}.Debug|Any CPU.ActiveCfg = Debug|Any CPU
		{E6DEFB4C-BA09-4A1C-B411-B18FD0EC4609}.Debug|Any CPU.Build.0 = Debug|Any CPU
		{E6DEFB4C-BA09-4A1C-B411-B18FD0EC4609}.Release|Any CPU.ActiveCfg = Release|Any CPU
		{E6DEFB4C-BA09-4A1C-B411-B18FD0EC4609}.Release|Any CPU.Build.0 = Release|Any CPU
		{2606BC53-22D7-47FB-8620-9D956ADF9B21}.Debug|Any CPU.ActiveCfg = Debug|Any CPU
		{2606BC53-22D7-47FB-8620-9D956ADF9B21}.Debug|Any CPU.Build.0 = Debug|Any CPU
		{2606BC53-22D7-47FB-8620-9D956ADF9B21}.Release|Any CPU.ActiveCfg = Release|Any CPU
		{2606BC53-22D7-47FB-8620-9D956ADF9B21}.Release|Any CPU.Build.0 = Release|Any CPU
		{84D06881-6AB1-4613-A95D-D4230E721B6C}.Debug|Any CPU.ActiveCfg = Debug|Any CPU
		{84D06881-6AB1-4613-A95D-D4230E721B6C}.Debug|Any CPU.Build.0 = Debug|Any CPU
		{84D06881-6AB1-4613-A95D-D4230E721B6C}.Release|Any CPU.ActiveCfg = Release|Any CPU
		{84D06881-6AB1-4613-A95D-D4230E721B6C}.Release|Any CPU.Build.0 = Release|Any CPU
		{4756B872-D953-4850-8110-F46BF73155EE}.Debug|Any CPU.ActiveCfg = Debug|Any CPU
		{4756B872-D953-4850-8110-F46BF73155EE}.Debug|Any CPU.Build.0 = Debug|Any CPU
		{4756B872-D953-4850-8110-F46BF73155EE}.Release|Any CPU.ActiveCfg = Release|Any CPU
		{4756B872-D953-4850-8110-F46BF73155EE}.Release|Any CPU.Build.0 = Release|Any CPU
		{834792EC-2A7F-4FE8-986F-4E4B256CE194}.Debug|Any CPU.ActiveCfg = Debug|Any CPU
		{834792EC-2A7F-4FE8-986F-4E4B256CE194}.Debug|Any CPU.Build.0 = Debug|Any CPU
		{834792EC-2A7F-4FE8-986F-4E4B256CE194}.Release|Any CPU.ActiveCfg = Release|Any CPU
		{834792EC-2A7F-4FE8-986F-4E4B256CE194}.Release|Any CPU.Build.0 = Release|Any CPU
		{E9F93780-8CBB-4661-A9D4-C20E32C7A8FF}.Debug|Any CPU.ActiveCfg = Debug|Any CPU
		{E9F93780-8CBB-4661-A9D4-C20E32C7A8FF}.Debug|Any CPU.Build.0 = Debug|Any CPU
		{E9F93780-8CBB-4661-A9D4-C20E32C7A8FF}.Release|Any CPU.ActiveCfg = Release|Any CPU
		{E9F93780-8CBB-4661-A9D4-C20E32C7A8FF}.Release|Any CPU.Build.0 = Release|Any CPU
		{D5D0268E-FF02-4057-B240-5F985E005592}.Debug|Any CPU.ActiveCfg = Debug|Any CPU
		{D5D0268E-FF02-4057-B240-5F985E005592}.Debug|Any CPU.Build.0 = Debug|Any CPU
		{D5D0268E-FF02-4057-B240-5F985E005592}.Release|Any CPU.ActiveCfg = Release|Any CPU
		{D5D0268E-FF02-4057-B240-5F985E005592}.Release|Any CPU.Build.0 = Release|Any CPU
		{8D54B0C1-A360-4382-B4D5-73E65F91D62F}.Debug|Any CPU.ActiveCfg = Debug|Any CPU
		{8D54B0C1-A360-4382-B4D5-73E65F91D62F}.Debug|Any CPU.Build.0 = Debug|Any CPU
		{8D54B0C1-A360-4382-B4D5-73E65F91D62F}.Release|Any CPU.ActiveCfg = Release|Any CPU
		{8D54B0C1-A360-4382-B4D5-73E65F91D62F}.Release|Any CPU.Build.0 = Release|Any CPU
		{4A1B395C-FE74-4C03-ABE0-4B2E5B2C179D}.Debug|Any CPU.ActiveCfg = Debug|Any CPU
		{4A1B395C-FE74-4C03-ABE0-4B2E5B2C179D}.Debug|Any CPU.Build.0 = Debug|Any CPU
		{4A1B395C-FE74-4C03-ABE0-4B2E5B2C179D}.Release|Any CPU.ActiveCfg = Release|Any CPU
		{4A1B395C-FE74-4C03-ABE0-4B2E5B2C179D}.Release|Any CPU.Build.0 = Release|Any CPU
		{B5148DC3-97AB-47E3-851D-804DE57896C6}.Debug|Any CPU.ActiveCfg = Debug|Any CPU
		{B5148DC3-97AB-47E3-851D-804DE57896C6}.Debug|Any CPU.Build.0 = Debug|Any CPU
		{B5148DC3-97AB-47E3-851D-804DE57896C6}.Release|Any CPU.ActiveCfg = Release|Any CPU
		{B5148DC3-97AB-47E3-851D-804DE57896C6}.Release|Any CPU.Build.0 = Release|Any CPU
		{00CB81A4-12FE-42D3-94F4-B97B62D2C3BF}.Debug|Any CPU.ActiveCfg = Debug|Any CPU
		{00CB81A4-12FE-42D3-94F4-B97B62D2C3BF}.Debug|Any CPU.Build.0 = Debug|Any CPU
		{00CB81A4-12FE-42D3-94F4-B97B62D2C3BF}.Release|Any CPU.ActiveCfg = Release|Any CPU
		{00CB81A4-12FE-42D3-94F4-B97B62D2C3BF}.Release|Any CPU.Build.0 = Release|Any CPU
		{D5F15529-4F93-4D0F-84DA-6AECFC9CD0BD}.Debug|Any CPU.ActiveCfg = Debug|Any CPU
		{D5F15529-4F93-4D0F-84DA-6AECFC9CD0BD}.Debug|Any CPU.Build.0 = Debug|Any CPU
		{D5F15529-4F93-4D0F-84DA-6AECFC9CD0BD}.Release|Any CPU.ActiveCfg = Release|Any CPU
		{D5F15529-4F93-4D0F-84DA-6AECFC9CD0BD}.Release|Any CPU.Build.0 = Release|Any CPU
		{008E0FD0-FFCC-47B7-BDF5-4C6E3A78E5F7}.Debug|Any CPU.ActiveCfg = Debug|Any CPU
		{008E0FD0-FFCC-47B7-BDF5-4C6E3A78E5F7}.Debug|Any CPU.Build.0 = Debug|Any CPU
		{008E0FD0-FFCC-47B7-BDF5-4C6E3A78E5F7}.Release|Any CPU.ActiveCfg = Release|Any CPU
		{008E0FD0-FFCC-47B7-BDF5-4C6E3A78E5F7}.Release|Any CPU.Build.0 = Release|Any CPU
		{C4BF34CD-02EA-4329-BDC4-22BCA69735BB}.Debug|Any CPU.ActiveCfg = Debug|Any CPU
		{C4BF34CD-02EA-4329-BDC4-22BCA69735BB}.Debug|Any CPU.Build.0 = Debug|Any CPU
		{C4BF34CD-02EA-4329-BDC4-22BCA69735BB}.Release|Any CPU.ActiveCfg = Release|Any CPU
		{C4BF34CD-02EA-4329-BDC4-22BCA69735BB}.Release|Any CPU.Build.0 = Release|Any CPU
		{15F20000-D1FC-4B0D-B01E-9AB2F3B2C244}.Debug|Any CPU.ActiveCfg = Debug|Any CPU
		{15F20000-D1FC-4B0D-B01E-9AB2F3B2C244}.Debug|Any CPU.Build.0 = Debug|Any CPU
		{15F20000-D1FC-4B0D-B01E-9AB2F3B2C244}.Release|Any CPU.ActiveCfg = Release|Any CPU
		{15F20000-D1FC-4B0D-B01E-9AB2F3B2C244}.Release|Any CPU.Build.0 = Release|Any CPU
		{FD22CDBD-6344-4F77-AAB5-1B0A78314716}.Debug|Any CPU.ActiveCfg = Debug|Any CPU
		{FD22CDBD-6344-4F77-AAB5-1B0A78314716}.Debug|Any CPU.Build.0 = Debug|Any CPU
		{FD22CDBD-6344-4F77-AAB5-1B0A78314716}.Release|Any CPU.ActiveCfg = Release|Any CPU
		{FD22CDBD-6344-4F77-AAB5-1B0A78314716}.Release|Any CPU.Build.0 = Release|Any CPU
		{ACA021CE-A86E-471D-A654-CC6F8B1FE5AE}.Debug|Any CPU.ActiveCfg = Debug|Any CPU
		{ACA021CE-A86E-471D-A654-CC6F8B1FE5AE}.Debug|Any CPU.Build.0 = Debug|Any CPU
		{ACA021CE-A86E-471D-A654-CC6F8B1FE5AE}.Release|Any CPU.ActiveCfg = Release|Any CPU
		{ACA021CE-A86E-471D-A654-CC6F8B1FE5AE}.Release|Any CPU.Build.0 = Release|Any CPU
		{48E51E12-2798-4B80-A101-9F803963E7F6}.Debug|Any CPU.ActiveCfg = Debug|Any CPU
		{48E51E12-2798-4B80-A101-9F803963E7F6}.Debug|Any CPU.Build.0 = Debug|Any CPU
		{48E51E12-2798-4B80-A101-9F803963E7F6}.Release|Any CPU.ActiveCfg = Release|Any CPU
		{48E51E12-2798-4B80-A101-9F803963E7F6}.Release|Any CPU.Build.0 = Release|Any CPU
		{C21A51D6-2C69-493D-A58F-E6B91B36E511}.Debug|Any CPU.ActiveCfg = Debug|Any CPU
		{C21A51D6-2C69-493D-A58F-E6B91B36E511}.Debug|Any CPU.Build.0 = Debug|Any CPU
		{C21A51D6-2C69-493D-A58F-E6B91B36E511}.Release|Any CPU.ActiveCfg = Release|Any CPU
		{C21A51D6-2C69-493D-A58F-E6B91B36E511}.Release|Any CPU.Build.0 = Release|Any CPU
		{B34D29C9-C5FB-4DA4-851F-9D08BBEA82F2}.Debug|Any CPU.ActiveCfg = Debug|Any CPU
		{B34D29C9-C5FB-4DA4-851F-9D08BBEA82F2}.Debug|Any CPU.Build.0 = Debug|Any CPU
		{B34D29C9-C5FB-4DA4-851F-9D08BBEA82F2}.Release|Any CPU.ActiveCfg = Release|Any CPU
		{B34D29C9-C5FB-4DA4-851F-9D08BBEA82F2}.Release|Any CPU.Build.0 = Release|Any CPU
		{7EE6D067-D21D-47C8-9BD0-D506B133DB36}.Debug|Any CPU.ActiveCfg = Debug|Any CPU
		{7EE6D067-D21D-47C8-9BD0-D506B133DB36}.Debug|Any CPU.Build.0 = Debug|Any CPU
		{7EE6D067-D21D-47C8-9BD0-D506B133DB36}.Release|Any CPU.ActiveCfg = Release|Any CPU
		{7EE6D067-D21D-47C8-9BD0-D506B133DB36}.Release|Any CPU.Build.0 = Release|Any CPU
		{FBC986CC-EBD3-46C1-9EF9-1C1709B97112}.Debug|Any CPU.ActiveCfg = Debug|Any CPU
		{FBC986CC-EBD3-46C1-9EF9-1C1709B97112}.Debug|Any CPU.Build.0 = Debug|Any CPU
		{FBC986CC-EBD3-46C1-9EF9-1C1709B97112}.Release|Any CPU.ActiveCfg = Release|Any CPU
		{FBC986CC-EBD3-46C1-9EF9-1C1709B97112}.Release|Any CPU.Build.0 = Release|Any CPU
		{4E3CE56C-068B-4D55-ACAB-B99602C10C7A}.Debug|Any CPU.ActiveCfg = Debug|Any CPU
		{4E3CE56C-068B-4D55-ACAB-B99602C10C7A}.Debug|Any CPU.Build.0 = Debug|Any CPU
		{4E3CE56C-068B-4D55-ACAB-B99602C10C7A}.Release|Any CPU.ActiveCfg = Release|Any CPU
		{4E3CE56C-068B-4D55-ACAB-B99602C10C7A}.Release|Any CPU.Build.0 = Release|Any CPU
		{33C07033-66AC-439C-8CE8-29D4F4386503}.Debug|Any CPU.ActiveCfg = Debug|Any CPU
		{33C07033-66AC-439C-8CE8-29D4F4386503}.Debug|Any CPU.Build.0 = Debug|Any CPU
		{33C07033-66AC-439C-8CE8-29D4F4386503}.Release|Any CPU.ActiveCfg = Release|Any CPU
		{33C07033-66AC-439C-8CE8-29D4F4386503}.Release|Any CPU.Build.0 = Release|Any CPU
		{F34996BB-A8D4-444D-88CA-C86CFB58507D}.Debug|Any CPU.ActiveCfg = Debug|Any CPU
		{F34996BB-A8D4-444D-88CA-C86CFB58507D}.Debug|Any CPU.Build.0 = Debug|Any CPU
		{F34996BB-A8D4-444D-88CA-C86CFB58507D}.Release|Any CPU.ActiveCfg = Release|Any CPU
		{F34996BB-A8D4-444D-88CA-C86CFB58507D}.Release|Any CPU.Build.0 = Release|Any CPU
		{F84F6D66-DEA4-44BC-B657-C022D93CB45A}.Debug|Any CPU.ActiveCfg = Debug|Any CPU
		{F84F6D66-DEA4-44BC-B657-C022D93CB45A}.Debug|Any CPU.Build.0 = Debug|Any CPU
		{F84F6D66-DEA4-44BC-B657-C022D93CB45A}.Release|Any CPU.ActiveCfg = Release|Any CPU
		{F84F6D66-DEA4-44BC-B657-C022D93CB45A}.Release|Any CPU.Build.0 = Release|Any CPU
		{2DE15218-ADD4-49A3-87AC-9CB3C6A9D849}.Debug|Any CPU.ActiveCfg = Debug|Any CPU
		{2DE15218-ADD4-49A3-87AC-9CB3C6A9D849}.Debug|Any CPU.Build.0 = Debug|Any CPU
		{2DE15218-ADD4-49A3-87AC-9CB3C6A9D849}.Release|Any CPU.ActiveCfg = Release|Any CPU
		{2DE15218-ADD4-49A3-87AC-9CB3C6A9D849}.Release|Any CPU.Build.0 = Release|Any CPU
		{9E8AE307-A343-4330-B029-709AAD03FAEA}.Debug|Any CPU.ActiveCfg = Debug|Any CPU
		{9E8AE307-A343-4330-B029-709AAD03FAEA}.Debug|Any CPU.Build.0 = Debug|Any CPU
		{9E8AE307-A343-4330-B029-709AAD03FAEA}.Release|Any CPU.ActiveCfg = Release|Any CPU
		{9E8AE307-A343-4330-B029-709AAD03FAEA}.Release|Any CPU.Build.0 = Release|Any CPU
		{A58BE0E7-A91E-42F8-A337-73808A314EEC}.Debug|Any CPU.ActiveCfg = Debug|Any CPU
		{A58BE0E7-A91E-42F8-A337-73808A314EEC}.Debug|Any CPU.Build.0 = Debug|Any CPU
		{A58BE0E7-A91E-42F8-A337-73808A314EEC}.Release|Any CPU.ActiveCfg = Release|Any CPU
		{A58BE0E7-A91E-42F8-A337-73808A314EEC}.Release|Any CPU.Build.0 = Release|Any CPU
		{66060832-B6BD-45F7-8F0E-7448B893A643}.Debug|Any CPU.ActiveCfg = Debug|Any CPU
		{66060832-B6BD-45F7-8F0E-7448B893A643}.Debug|Any CPU.Build.0 = Debug|Any CPU
		{66060832-B6BD-45F7-8F0E-7448B893A643}.Release|Any CPU.ActiveCfg = Release|Any CPU
		{66060832-B6BD-45F7-8F0E-7448B893A643}.Release|Any CPU.Build.0 = Release|Any CPU
		{99237965-3877-4361-AF7A-72741927B2DD}.Debug|Any CPU.ActiveCfg = Debug|Any CPU
		{99237965-3877-4361-AF7A-72741927B2DD}.Debug|Any CPU.Build.0 = Debug|Any CPU
		{99237965-3877-4361-AF7A-72741927B2DD}.Release|Any CPU.ActiveCfg = Release|Any CPU
		{99237965-3877-4361-AF7A-72741927B2DD}.Release|Any CPU.Build.0 = Release|Any CPU
		{DF115AC7-87E1-44DD-B51C-B29B17496DE4}.Debug|Any CPU.ActiveCfg = Debug|Any CPU
		{DF115AC7-87E1-44DD-B51C-B29B17496DE4}.Debug|Any CPU.Build.0 = Debug|Any CPU
		{DF115AC7-87E1-44DD-B51C-B29B17496DE4}.Release|Any CPU.ActiveCfg = Release|Any CPU
		{DF115AC7-87E1-44DD-B51C-B29B17496DE4}.Release|Any CPU.Build.0 = Release|Any CPU
		{0D146DF2-F03B-43AD-AA33-F6B54A5F9B9D}.Debug|Any CPU.ActiveCfg = Debug|Any CPU
		{0D146DF2-F03B-43AD-AA33-F6B54A5F9B9D}.Debug|Any CPU.Build.0 = Debug|Any CPU
		{0D146DF2-F03B-43AD-AA33-F6B54A5F9B9D}.Release|Any CPU.ActiveCfg = Release|Any CPU
		{0D146DF2-F03B-43AD-AA33-F6B54A5F9B9D}.Release|Any CPU.Build.0 = Release|Any CPU
		{A4096907-7EB0-43AC-89E2-96C3486DCCC6}.Debug|Any CPU.ActiveCfg = Debug|Any CPU
		{A4096907-7EB0-43AC-89E2-96C3486DCCC6}.Debug|Any CPU.Build.0 = Debug|Any CPU
		{A4096907-7EB0-43AC-89E2-96C3486DCCC6}.Release|Any CPU.ActiveCfg = Release|Any CPU
		{A4096907-7EB0-43AC-89E2-96C3486DCCC6}.Release|Any CPU.Build.0 = Release|Any CPU
		{E0E3F875-FAE0-42C2-8EB7-2E44CCF6DBF4}.Debug|Any CPU.ActiveCfg = Debug|Any CPU
		{E0E3F875-FAE0-42C2-8EB7-2E44CCF6DBF4}.Debug|Any CPU.Build.0 = Debug|Any CPU
		{E0E3F875-FAE0-42C2-8EB7-2E44CCF6DBF4}.Release|Any CPU.ActiveCfg = Release|Any CPU
		{E0E3F875-FAE0-42C2-8EB7-2E44CCF6DBF4}.Release|Any CPU.Build.0 = Release|Any CPU
		{A4A5DABC-97AC-4C62-B681-0304F703173F}.Debug|Any CPU.ActiveCfg = Debug|Any CPU
		{A4A5DABC-97AC-4C62-B681-0304F703173F}.Debug|Any CPU.Build.0 = Debug|Any CPU
		{A4A5DABC-97AC-4C62-B681-0304F703173F}.Release|Any CPU.ActiveCfg = Release|Any CPU
		{A4A5DABC-97AC-4C62-B681-0304F703173F}.Release|Any CPU.Build.0 = Release|Any CPU
	EndGlobalSection
	GlobalSection(SolutionProperties) = preSolution
		HideSolutionNode = FALSE
	EndGlobalSection
	GlobalSection(NestedProjects) = preSolution
		{63363C1F-B051-42BA-9B80-A69F0C79A9A1} = {ED04CCD3-EB4B-4739-8225-53F3F62EF1C0}
		{322D46ED-84D6-4A13-8D10-C1393472F967} = {AC3B835B-6977-4083-905A-8823D22C0B5A}
		{DC3B634F-497F-44A6-9556-75436D58F408} = {AC3B835B-6977-4083-905A-8823D22C0B5A}
		{20B5A6AA-E534-4591-87C0-5D1DB0C7CB46} = {AC3B835B-6977-4083-905A-8823D22C0B5A}
		{DAC92B64-CEED-487F-B14C-DCF28C22F828} = {AC3B835B-6977-4083-905A-8823D22C0B5A}
		{6920BF2D-FA29-4844-9652-2959C97C3C24} = {AC3B835B-6977-4083-905A-8823D22C0B5A}
		{1EB08F49-7DC4-4F19-B3AC-F5C777F8EFBD} = {AC3B835B-6977-4083-905A-8823D22C0B5A}
		{B249B9E9-E8F3-450F-8D90-83C5E82FD3C6} = {AC3B835B-6977-4083-905A-8823D22C0B5A}
		{23878ACC-DA8D-4643-AF1A-36A1C0C27E49} = {AC3B835B-6977-4083-905A-8823D22C0B5A}
		{E88162B8-352A-4162-9F7F-0CE1DDC2CE40} = {AC3B835B-6977-4083-905A-8823D22C0B5A}
		{01255554-5E7A-4DAE-A971-C993C4B65144} = {AC3B835B-6977-4083-905A-8823D22C0B5A}
		{B0CC1EA0-CA09-49F9-8395-EBAC73A8A374} = {AC3B835B-6977-4083-905A-8823D22C0B5A}
		{6D458ED2-365E-40E2-97A9-55A37DD3CDEE} = {AC3B835B-6977-4083-905A-8823D22C0B5A}
		{19DB980C-A6AC-4DC7-9971-57B4597AE8D3} = {AC3B835B-6977-4083-905A-8823D22C0B5A}
		{717A22C8-3632-4D5B-A14A-C4675143E2F7} = {AC3B835B-6977-4083-905A-8823D22C0B5A}
		{FC7E3CC7-2392-44E7-9EDD-3A69DF9A8D92} = {AC3B835B-6977-4083-905A-8823D22C0B5A}
		{0D7D7393-1A2E-4301-BFAB-583DCAF4BB3B} = {AC3B835B-6977-4083-905A-8823D22C0B5A}
		{88FEBC83-CA83-4C0A-9B93-851C5982FF95} = {AC3B835B-6977-4083-905A-8823D22C0B5A}
		{3D002138-3AAF-41A9-9F35-269E2BAF4F25} = {AC3B835B-6977-4083-905A-8823D22C0B5A}
		{3DF1CF3C-5973-4660-A1EF-C757771885D3} = {AC3B835B-6977-4083-905A-8823D22C0B5A}
		{D81F7BFE-CE1C-4383-97CF-DB803EBAA321} = {AC3B835B-6977-4083-905A-8823D22C0B5A}
		{66F86FCD-46D1-4478-BBEF-B24DE30C0BF3} = {AC3B835B-6977-4083-905A-8823D22C0B5A}
		{291BDD7C-2F37-405B-855C-E9BB90FCFFA0} = {AC3B835B-6977-4083-905A-8823D22C0B5A}
		{D3C66EF6-8EE8-4DB8-BC5F-4F41129A5FCA} = {AC3B835B-6977-4083-905A-8823D22C0B5A}
		{5712D7AD-4B2D-45E8-8295-4646EEA5F034} = {AC3B835B-6977-4083-905A-8823D22C0B5A}
		{E07F7EC6-4ACA-41D0-B877-F9DC20BAC35C} = {AC3B835B-6977-4083-905A-8823D22C0B5A}
		{BFD0B00D-E18A-4B57-B2CC-90D910CB76A7} = {AC3B835B-6977-4083-905A-8823D22C0B5A}
		{8CC567DF-D8C3-4A42-B9E3-2A7002CC4A66} = {AC3B835B-6977-4083-905A-8823D22C0B5A}
		{670EBB7B-6C4C-4D5A-ABFC-E2E73C4398D1} = {AC3B835B-6977-4083-905A-8823D22C0B5A}
		{E6DEFB4C-BA09-4A1C-B411-B18FD0EC4609} = {AC3B835B-6977-4083-905A-8823D22C0B5A}
		{2606BC53-22D7-47FB-8620-9D956ADF9B21} = {AC3B835B-6977-4083-905A-8823D22C0B5A}
		{84D06881-6AB1-4613-A95D-D4230E721B6C} = {8BD1053F-51A4-4F69-92F7-D3F1C0E20A6D}
		{4756B872-D953-4850-8110-F46BF73155EE} = {8BD1053F-51A4-4F69-92F7-D3F1C0E20A6D}
		{834792EC-2A7F-4FE8-986F-4E4B256CE194} = {8BD1053F-51A4-4F69-92F7-D3F1C0E20A6D}
		{E9F93780-8CBB-4661-A9D4-C20E32C7A8FF} = {8BD1053F-51A4-4F69-92F7-D3F1C0E20A6D}
		{D5D0268E-FF02-4057-B240-5F985E005592} = {8BD1053F-51A4-4F69-92F7-D3F1C0E20A6D}
		{8D54B0C1-A360-4382-B4D5-73E65F91D62F} = {8BD1053F-51A4-4F69-92F7-D3F1C0E20A6D}
		{4A1B395C-FE74-4C03-ABE0-4B2E5B2C179D} = {8BD1053F-51A4-4F69-92F7-D3F1C0E20A6D}
		{B5148DC3-97AB-47E3-851D-804DE57896C6} = {8BD1053F-51A4-4F69-92F7-D3F1C0E20A6D}
		{00CB81A4-12FE-42D3-94F4-B97B62D2C3BF} = {8BD1053F-51A4-4F69-92F7-D3F1C0E20A6D}
		{D5F15529-4F93-4D0F-84DA-6AECFC9CD0BD} = {8BD1053F-51A4-4F69-92F7-D3F1C0E20A6D}
		{008E0FD0-FFCC-47B7-BDF5-4C6E3A78E5F7} = {8BD1053F-51A4-4F69-92F7-D3F1C0E20A6D}
		{C4BF34CD-02EA-4329-BDC4-22BCA69735BB} = {8BD1053F-51A4-4F69-92F7-D3F1C0E20A6D}
		{15F20000-D1FC-4B0D-B01E-9AB2F3B2C244} = {8BD1053F-51A4-4F69-92F7-D3F1C0E20A6D}
		{FD22CDBD-6344-4F77-AAB5-1B0A78314716} = {AC3B835B-6977-4083-905A-8823D22C0B5A}
		{ACA021CE-A86E-471D-A654-CC6F8B1FE5AE} = {AC3B835B-6977-4083-905A-8823D22C0B5A}
		{48E51E12-2798-4B80-A101-9F803963E7F6} = {AC3B835B-6977-4083-905A-8823D22C0B5A}
		{C21A51D6-2C69-493D-A58F-E6B91B36E511} = {AC3B835B-6977-4083-905A-8823D22C0B5A}
		{B34D29C9-C5FB-4DA4-851F-9D08BBEA82F2} = {F1C631CC-2AB9-4846-BA68-24D86D458480}
		{7EE6D067-D21D-47C8-9BD0-D506B133DB36} = {F1C631CC-2AB9-4846-BA68-24D86D458480}
		{FBC986CC-EBD3-46C1-9EF9-1C1709B97112} = {F1C631CC-2AB9-4846-BA68-24D86D458480}
		{4E3CE56C-068B-4D55-ACAB-B99602C10C7A} = {F1C631CC-2AB9-4846-BA68-24D86D458480}
		{33C07033-66AC-439C-8CE8-29D4F4386503} = {F1C631CC-2AB9-4846-BA68-24D86D458480}
		{F34996BB-A8D4-444D-88CA-C86CFB58507D} = {F1C631CC-2AB9-4846-BA68-24D86D458480}
		{F84F6D66-DEA4-44BC-B657-C022D93CB45A} = {F1C631CC-2AB9-4846-BA68-24D86D458480}
		{2DE15218-ADD4-49A3-87AC-9CB3C6A9D849} = {F1C631CC-2AB9-4846-BA68-24D86D458480}
		{9E8AE307-A343-4330-B029-709AAD03FAEA} = {EA7304D9-7FEF-412B-8783-214D36234060}
		{A58BE0E7-A91E-42F8-A337-73808A314EEC} = {EA7304D9-7FEF-412B-8783-214D36234060}
		{66060832-B6BD-45F7-8F0E-7448B893A643} = {EA7304D9-7FEF-412B-8783-214D36234060}
		{99237965-3877-4361-AF7A-72741927B2DD} = {EA7304D9-7FEF-412B-8783-214D36234060}
		{DF115AC7-87E1-44DD-B51C-B29B17496DE4} = {AC3B835B-6977-4083-905A-8823D22C0B5A}
		{0D146DF2-F03B-43AD-AA33-F6B54A5F9B9D} = {AC3B835B-6977-4083-905A-8823D22C0B5A}
		{A4096907-7EB0-43AC-89E2-96C3486DCCC6} = {F1C631CC-2AB9-4846-BA68-24D86D458480}
		{AF1DF3D9-B982-4DD7-B00D-7216DBD5D96B} = {D6E7A90A-F0C2-424D-9ADA-958D5F07F57E}
		{E0E3F875-FAE0-42C2-8EB7-2E44CCF6DBF4} = {AC3B835B-6977-4083-905A-8823D22C0B5A}
		{A4A5DABC-97AC-4C62-B681-0304F703173F} = {AC3B835B-6977-4083-905A-8823D22C0B5A}
	EndGlobalSection
	GlobalSection(ExtensibilityGlobals) = postSolution
		SolutionGuid = {03689796-3AB3-4F08-82B0-1EEEE80691B9}
	EndGlobalSection
EndGlobal
